{
  "version": "5",
  "remote": {
    "https://deno.land/std@0.197.0/fmt/colors.ts": "a7eecffdf3d1d54db890723b303847b6e0a1ab4b528ba6958b8f2e754cf1b3bc",
    "https://deno.land/std@0.208.0/data_structures/_binary_search_node.ts": "8d99dd95901d73a0edbe105826ef7ce0e1111ce184d2d0410dbfda172c9ebf35",
    "https://deno.land/std@0.208.0/data_structures/_red_black_node.ts": "040cdc47e2aee8c92ef3c0bb5526f25e2b6cbfef6ae86f159fe077e70722f0ca",
    "https://deno.land/std@0.208.0/data_structures/binary_search_tree.ts": "4e802f02125c45e17cd71ae1a2a9dedff8d3a31df0585a9d7ce1fbcf46960c20",
    "https://deno.land/std@0.208.0/data_structures/comparators.ts": "fa7f9a44cea1d270098a2a5a6f8bb30c61b595c1b1f983bd67c6297d766adffa",
    "https://deno.land/std@0.208.0/data_structures/red_black_tree.ts": "5cd84d7715159898a64fbbbf79026d2eac16f9eacd475656d22b7017148bfa33",
    "https://deno.land/std@0.208.0/testing/_test_suite.ts": "30f018feeb3835f12ab198d8a518f9089b1bcb2e8c838a8b615ab10d5005465c",
    "https://deno.land/std@0.208.0/testing/_time.ts": "fecaf6fc7277d240d11b0de2e93b1c93ebbb4a3a61f0cb0b1741f66f69a4d22b",
    "https://deno.land/std@0.208.0/testing/bdd.ts": "c41f019786c4a9112aadb7e5a7bbcc711f58429ac5904b3855fa248ba5fa0ba6",
    "https://deno.land/std@0.208.0/testing/time.ts": "1cc627e57c88978f7cea074d762f1a6b002c7278e496ef4cb0b8d025d52f155a",
    "https://deno.land/std@0.218.0/assert/_constants.ts": "a271e8ef5a573f1df8e822a6eb9d09df064ad66a4390f21b3e31f820a38e0975",
    "https://deno.land/std@0.218.0/assert/_diff.ts": "dcc63d94ca289aec80644030cf88ccbf7acaa6fbd7b0f22add93616b36593840",
    "https://deno.land/std@0.218.0/assert/_format.ts": "0ba808961bf678437fb486b56405b6fefad2cf87b5809667c781ddee8c32aff4",
    "https://deno.land/std@0.218.0/assert/assert.ts": "bec068b2fccdd434c138a555b19a2c2393b71dfaada02b7d568a01541e67cdc5",
    "https://deno.land/std@0.218.0/assert/assert_almost_equals.ts": "8b96b7385cc117668b0720115eb6ee73d04c9bcb2f5d2344d674918c9113688f",
    "https://deno.land/std@0.218.0/assert/assert_array_includes.ts": "1688d76317fd45b7e93ef9e2765f112fdf2b7c9821016cdfb380b9445374aed1",
    "https://deno.land/std@0.218.0/assert/assert_equals.ts": "4497c56fe7d2993b0d447926702802fc0becb44e319079e8eca39b482ee01b4e",
    "https://deno.land/std@0.218.0/assert/assert_exists.ts": "24a7bf965e634f909242cd09fbaf38bde6b791128ece08e33ab08586a7cc55c9",
    "https://deno.land/std@0.218.0/assert/assert_false.ts": "6f382568e5128c0f855e5f7dbda8624c1ed9af4fcc33ef4a9afeeedcdce99769",
    "https://deno.land/std@0.218.0/assert/assert_greater.ts": "4945cf5729f1a38874d7e589e0fe5cc5cd5abe5573ca2ddca9d3791aa891856c",
    "https://deno.land/std@0.218.0/assert/assert_greater_or_equal.ts": "573ed8823283b8d94b7443eb69a849a3c369a8eb9666b2d1db50c33763a5d219",
    "https://deno.land/std@0.218.0/assert/assert_instance_of.ts": "72dc1faff1e248692d873c89382fa1579dd7b53b56d52f37f9874a75b11ba444",
    "https://deno.land/std@0.218.0/assert/assert_is_error.ts": "6596f2b5ba89ba2fe9b074f75e9318cda97a2381e59d476812e30077fbdb6ed2",
    "https://deno.land/std@0.218.0/assert/assert_less.ts": "2b4b3fe7910f65f7be52212f19c3977ecb8ba5b2d6d0a296c83cde42920bb005",
    "https://deno.land/std@0.218.0/assert/assert_less_or_equal.ts": "b93d212fe669fbde959e35b3437ac9a4468f2e6b77377e7b6ea2cfdd825d38a0",
    "https://deno.land/std@0.218.0/assert/assert_match.ts": "ec2d9680ed3e7b9746ec57ec923a17eef6d476202f339ad91d22277d7f1d16e1",
    "https://deno.land/std@0.218.0/assert/assert_not_equals.ts": "ac86413ab70ffb14fdfc41740ba579a983fe355ba0ce4a9ab685e6b8e7f6a250",
    "https://deno.land/std@0.218.0/assert/assert_not_instance_of.ts": "8f720d92d83775c40b2542a8d76c60c2d4aeddaf8713c8d11df8984af2604931",
    "https://deno.land/std@0.218.0/assert/assert_not_match.ts": "b4b7c77f146963e2b673c1ce4846473703409eb93f5ab0eb60f6e6f8aeffe39f",
    "https://deno.land/std@0.218.0/assert/assert_not_strict_equals.ts": "da0b8ab60a45d5a9371088378e5313f624799470c3b54c76e8b8abeec40a77be",
    "https://deno.land/std@0.218.0/assert/assert_object_match.ts": "e85e5eef62a56ce364c3afdd27978ccab979288a3e772e6855c270a7b118fa49",
    "https://deno.land/std@0.218.0/assert/assert_rejects.ts": "5206ac37d883797d9504e3915a0c7b692df6efcdefff3889cc14bb5a325641dd",
    "https://deno.land/std@0.218.0/assert/assert_strict_equals.ts": "0425a98f70badccb151644c902384c12771a93e65f8ff610244b8147b03a2366",
    "https://deno.land/std@0.218.0/assert/assert_string_includes.ts": "dfb072a890167146f8e5bdd6fde887ce4657098e9f71f12716ef37f35fb6f4a7",
    "https://deno.land/std@0.218.0/assert/assert_throws.ts": "31f3c061338aec2c2c33731973d58ccd4f14e42f355501541409ee958d2eb8e5",
    "https://deno.land/std@0.218.0/assert/assertion_error.ts": "9f689a101ee586c4ce92f52fa7ddd362e86434ffdf1f848e45987dc7689976b8",
    "https://deno.land/std@0.218.0/assert/equal.ts": "fae5e8a52a11d3ac694bbe1a53e13a7969e3f60791262312e91a3e741ae519e2",
    "https://deno.land/std@0.218.0/assert/fail.ts": "f310e51992bac8e54f5fd8e44d098638434b2edb802383690e0d7a9be1979f1c",
    "https://deno.land/std@0.218.0/assert/mod.ts": "325df8c0683ad83a873b9691aa66b812d6275fc9fec0b2d180ac68a2c5efed3b",
    "https://deno.land/std@0.218.0/assert/unimplemented.ts": "47ca67d1c6dc53abd0bd729b71a31e0825fc452dbcd4fde4ca06789d5644e7fd",
    "https://deno.land/std@0.218.0/assert/unreachable.ts": "3670816a4ab3214349acb6730e3e6f5299021234657eefe05b48092f3848c270",
    "https://deno.land/std@0.218.0/data_structures/_binary_search_node.ts": "ce1da11601fef0638df4d1e53c377f791f96913383277389286b390685d76c07",
    "https://deno.land/std@0.218.0/data_structures/_red_black_node.ts": "4af8d3c5ac5f119d8058269259c46ea22ead567246cacde04584a83e43a9d2ea",
    "https://deno.land/std@0.218.0/data_structures/binary_search_tree.ts": "2dd43d97ce5f5a4bdba11b075eb458db33e9143f50997b0eebf02912cb44f5d5",
    "https://deno.land/std@0.218.0/data_structures/comparators.ts": "74e64752f005f03614d9bd4912ea64c58d2e663b5d8c9dba6e2e2997260f51eb",
    "https://deno.land/std@0.218.0/data_structures/red_black_tree.ts": "2222be0c46842fc932e2c8589a66dced9e6eae180914807c5c55d1aa4c8c1b9b",
    "https://deno.land/std@0.218.0/fmt/colors.ts": "d239d84620b921ea520125d778947881f62c50e78deef2657073840b8af9559a",
    "https://deno.land/std@0.218.0/testing/_test_suite.ts": "f10a8a6338b60c403f07a76f3f46bdc9f1e1a820c0a1decddeb2949f7a8a0546",
    "https://deno.land/std@0.218.0/testing/_time.ts": "fefd1ff35b50a410db9b0e7227e05163e1b172c88afd0d2071df0125958c3ff3",
    "https://deno.land/std@0.218.0/testing/bdd.ts": "7a8ac58eded80e6fefa7cf7538927e88781cf5f247c04b35261c3213316e2dd0",
    "https://deno.land/std@0.218.0/testing/time.ts": "0d25e0f15eded2d66c9ed37d16c3188b16cc1aefa58be4a4753afb7750e72cb0",
    "https://deno.land/std@0.97.0/fmt/colors.ts": "db22b314a2ae9430ae7460ce005e0a7130e23ae1c999157e3bb77cf55800f7e4",
    "https://deno.land/std@0.97.0/testing/_diff.ts": "961eaf6d9f5b0a8556c9d835bbc6fa74f5addd7d3b02728ba7936ff93364f7a3",
    "https://deno.land/std@0.97.0/testing/asserts.ts": "341292d12eebc44be4c3c2ca101ba8b6b5859cef2fa69d50c217f9d0bfbcfd1f",
    "https://deno.land/x/expect@v0.3.0/expect.ts": "5e6717eddc9df376f7b2c9be6403e016130bb2edbb1acd261a2d6ea9608ee196",
    "https://deno.land/x/expect@v0.3.0/matchers.ts": "a37ef4577739247af77a852cdcd69484f999a41ad86ec16bb63a88a7a47a2372",
    "https://deno.land/x/expect@v0.3.0/mock.ts": "562d4b1d735d15b0b8e935f342679096b64fe452f86e96714fe8616c0c884914",
    "https://deno.land/x/expect@v0.3.0/mod.ts": "0304d2430e1e96ba669a8495e24ba606dcc3d152e1f81aaa8da898cea24e36c2",
    "https://deno.land/x/expect@v0.4.0/expect.ts": "1d1856758a750f440d0b65d74f19e5d4829bb76d8e576d05546abd8e7b1dfb9e",
    "https://deno.land/x/expect@v0.4.0/matchers.ts": "55acf74a3c4a308d079798930f05ab11da2080ec7acd53517193ca90d1296bf7",
    "https://deno.land/x/expect@v0.4.0/mock.ts": "562d4b1d735d15b0b8e935f342679096b64fe452f86e96714fe8616c0c884914",
    "https://deno.land/x/expect@v0.4.0/mod.ts": "0304d2430e1e96ba669a8495e24ba606dcc3d152e1f81aaa8da898cea24e36c2",
    "https://deno.land/x/tincan@1.0.2/mod.ts": "9473507398048cb24dbb37b3a220777106c69c28d573898648deb2bb84a7e131",
    "https://deno.land/x/tincan@1.0.2/src/deps.ts": "cd4b02330db12f33c208706fc90626320152d9ea45f8370a135d69dd94818c49",
    "https://deno.land/x/tincan@1.0.2/src/environment.ts": "1096dc35b77ee070bba03584489f71c446574d3a7676936ab0bb4aed507d7e27",
    "https://deno.land/x/tincan@1.0.2/src/mod.ts": "a105a5d14ec3d40f1b240517eaa92eeeec1c70be331a12877d6bea25c07e3bd7",
    "https://deno.land/x/tincan@1.0.2/src/nodes/mod.ts": "c22f058dd205d10c3b261c9afdbcd95a8eb807401e822f9c899cca2ab0f16473",
    "https://deno.land/x/tincan@1.0.2/src/nodes/nodes.ts": "a8b8b3178868c8b13a6d4d0c96cb41e4c1df48719a8cd2977495af9f9352ab04",
    "https://deno.land/x/tincan@1.0.2/src/nodes/tree.ts": "c119fb6a2ee1fe9833b70111382cc8d9a3f5b875b4bb65a0e8774d919193faa3",
    "https://deno.land/x/tincan@1.0.2/src/nodes/utilities.ts": "5e6a6f0e2650df4e10f7dfde889ef88a588fe9c3b3618aca2acd47e80b3ee3d8",
    "https://deno.land/x/tincan@1.0.2/src/reporter.ts": "84e09297da18c840076be951c02c749678b75dc89b2575f34db1378cbb509939",
    "https://deno.land/x/tincan@1.0.2/src/runner.ts": "54e1a0934a52469437bd4655df51f0c9148327d94a2b0d6c175f6f992a697b86"
  },
  "workspace": {
    "packageJson": {
      "dependencies": [
        "npm:@types/add@^2.0.3",
        "npm:@types/node@24.5.0",
        "npm:@typescript-eslint/eslint-plugin@8.44.0",
        "npm:@typescript-eslint/parser@8.44.0",
        "npm:add@^2.0.6",
        "npm:eslint-import-resolver-typescript@^4.4.4",
        "npm:eslint-plugin-import@^2.32.0",
        "npm:eslint-plugin-perfectionist@^4.15.0",
        "npm:eslint-plugin-unused-imports@^4.2.0",
        "npm:eslint@9.35.0",
        "npm:prettier@^3.6.2",
        "npm:ts-loader@^9.5.4",
        "npm:ts-node@^10.9.2",
        "npm:tsconfig-paths@^4.2.0",
        "npm:turbo@^2.5.6",
        "npm:typescript-eslint@^8.44.0",
        "npm:typescript@^5.9.2"
      ]
    },
    "members": {
      "packages/common": {
        "packageJson": {
          "dependencies": [
            "npm:@types/bun@latest",
            "npm:@types/jest@30",
            "npm:@types/node@24.3.3",
            "npm:jest@30.1.3",
            "npm:ts-jest-resolver@^2.0.1",
            "npm:ts-jest@29.4.1",
            "npm:typescript@5.9.2"
          ]
        }
      },
      "packages/cuid": {
        "packageJson": {
          "dependencies": [
            "npm:@noble/hashes@1.8.0",
            "npm:@paralleldrive/cuid2@^2.2.2",
            "npm:@types/benchmark@^2.1.5",
            "npm:@types/bun@latest",
            "npm:@types/jest@30",
            "npm:@types/node@24.3.3",
            "npm:benchmark@^2.1.4",
            "npm:cuid@3",
            "npm:jest@30.1.3",
            "npm:nanoid@^5.1.5",
            "npm:short-uuid@^5.2.0",
            "npm:ts-jest@29.4.1",
            "npm:tsx@^4.20.5",
            "npm:typescript@5.9.2",
            "npm:uuid@13"
          ]
        }
      },
      "packages/eventemitter": {
        "packageJson": {
          "dependencies": [
            "npm:@types/jest@30",
            "npm:@types/node@24.3.3",
            "npm:jest@30.1.3",
            "npm:ts-jest@29.4.1",
            "npm:typescript@5.9.2"
          ]
        }
      },
      "packages/messagepack": {
        "packageJson": {
          "dependencies": [
            "npm:@jest/globals@^30.1.2",
            "npm:@types/jest@30",
            "npm:@types/node@^24.3.3",
            "npm:buffer@^6.0.3",
            "npm:jest@^30.1.3",
            "npm:long@^5.3.2",
            "npm:ts-jest@^29.4.1",
            "npm:typescript@^5.9.2"
          ]
        }
      },
      "packages/netron": {
        "packageJson": {
          "dependencies": [
            "npm:@jest/globals@^30.1.2",
            "npm:@types/bun@latest",
            "npm:@types/jest@30",
            "npm:@types/node@^24.3.3",
            "npm:@types/pino@7.0.4",
            "npm:@types/semver@^7.7.1",
            "npm:@types/ws@^8.18.1",
            "npm:del-cli@6",
            "npm:globals@^16.4.0",
            "npm:ioredis@^5.7.0",
            "npm:jest@^30.1.3",
            "npm:pino-pretty@^13.1.1",
            "npm:pino@^9.9.5",
            "npm:reflect-metadata@~0.2.2",
            "npm:semver@^7.7.2",
            "npm:source-map-support@~0.5.21",
            "npm:ts-jest@^29.4.1",
            "npm:ts-loader@^9.5.4",
            "npm:ts-node@^10.9.2",
            "npm:tsconfig-paths@^4.2.0",
            "npm:typescript@^5.9.2",
            "npm:ws@^8.18.3"
          ]
        }
      },
      "packages/netron-nest": {
        "packageJson": {
          "dependencies": [
            "npm:@nestjs/common@^11.1.6",
            "npm:@nestjs/core@^11.1.6",
            "npm:@nestjs/testing@^11.1.6",
            "npm:@types/jest@30",
            "npm:@types/node@^24.3.3",
            "npm:ioredis@^5.7.0",
            "npm:jest@^30.1.3",
            "npm:reflect-metadata@~0.2.2",
            "npm:ts-jest@^29.4.1",
            "npm:typescript@^5.9.2"
          ]
        }
      },
      "packages/nexus": {
        "packageJson": {
          "dependencies": [
            "npm:@types/bun@latest",
            "npm:@types/jest@30",
            "npm:@types/node@24.4.0",
            "npm:jest@30.1.3",
            "npm:ts-jest-resolver@^2.0.1",
            "npm:ts-jest@29.4.1",
            "npm:typescript@5.9.2"
          ]
        }
      },
      "packages/rotif": {
        "packageJson": {
          "dependencies": [
            "npm:@bugsnag/cuid@^3.2.1",
            "npm:@jest/globals@^30.1.2",
            "npm:@msgpack/msgpack@^3.1.2",
            "npm:@types/benchmark@^2.1.5",
            "npm:@types/jest@30",
            "npm:@types/node@^24.3.3",
            "npm:@types/ws@^8.18.1",
            "npm:benchmark@^2.1.4",
            "npm:bson@^6.10.4",
            "npm:cbor@^10.0.11",
            "npm:del-cli@6",
            "npm:globals@^16.4.0",
            "npm:ioredis@^5.7.0",
            "npm:jest@^30.1.3",
            "npm:minimatch@^10.0.3",
            "npm:msgpackr@^1.11.5",
            "npm:nanoid@^5.1.5",
            "npm:short-uuid@^5.2.0",
            "npm:source-map-support@~0.5.21",
            "npm:ts-jest@^29.4.1",
            "npm:ts-loader@^9.5.4",
            "npm:ts-node@^10.9.2",
            "npm:tsconfig-paths@^4.2.0",
            "npm:typescript@^5.9.2",
            "npm:uuid-random@^1.3.2",
            "npm:uuid-with-v6@2",
            "npm:uuid@13"
          ]
        }
      },
      "packages/rotif-nest": {
        "packageJson": {
          "dependencies": [
            "npm:@jest/globals@^30.1.2",
            "npm:@nestjs/common@^11.1.6",
            "npm:@nestjs/core@^11.1.6",
            "npm:@nestjs/testing@^11.1.6",
            "npm:@swc/jest@~0.2.39",
            "npm:@types/jest@30",
            "npm:@types/node@^24.3.3",
            "npm:@types/supertest@^6.0.3",
            "npm:jest@^30.1.3",
            "npm:rxjs@^7.8.2",
            "npm:supertest@^7.1.1",
            "npm:typescript@^5.9.2"
          ]
        }
      },
      "packages/smartbuffer": {
        "packageJson": {
          "dependencies": [
            "npm:@jest/globals@^30.1.2",
            "npm:@types/jest@30",
            "npm:@types/node@^24.3.3",
            "npm:buffer@^6.0.3",
            "npm:jest@^30.1.3",
            "npm:long@^5.3.2",
            "npm:ts-jest@^29.4.1",
            "npm:typescript@^5.9.2"
          ]
        }
      },
      "packages/testing": {
        "packageJson": {
          "dependencies": [
            "npm:@types/bun@^1.2.3",
            "npm:@types/jest@^29.5.14",
            "npm:@types/node@^22.10.5",
            "npm:jest@^30.1.0",
            "npm:ts-jest@^29.2.5",
            "npm:ts-node@^10.9.2",
            "npm:typescript@~5.8.3"
          ]
        }
      },
      "packages/titan": {
        "packageJson": {
          "dependencies": [
            "npm:@types/bun@latest",
            "npm:@types/jest@30",
            "npm:@types/node@24.5.0",
            "npm:@typescript-eslint/eslint-plugin@8.44.0",
            "npm:@typescript-eslint/parser@8.44.0",
            "npm:jest@^30.1.3",
            "npm:pino-pretty@^13.1.1",
            "npm:pino@^9.9.5",
            "npm:reflect-metadata@~0.2.2",
            "npm:ts-jest-resolver@^2.0.1",
            "npm:ts-jest@^29.4.2",
            "npm:typescript@^5.9.2",
            "npm:zod@^4.1.8"
          ]
        }
      },
      "packages/vibra": {
        "packageJson": {
          "dependencies": [
            "npm:@types/node@24.4.0",
            "npm:@vitest/coverage-v8@3.2.4",
            "npm:typescript@5.9.2",
            "npm:vitest@3.2.4"
          ]
        }
      }
    }
  }
}
